
Microsoft Visual Studio Solution File, Format Version 12.00
# Visual Studio Version 16
VisualStudioVersion = 16.0.33328.57
MinimumVisualStudioVersion = 10.0.40219.1
Project("{8BC9CEB8-8B4A-11D0-8D11-00A0C91BC942}") = "MPILab2", "MPILab2.vcxproj", "{0ECB293A-1728-4B69-9953-128BE62B7F67}"
EndProject
Global
	GlobalSection(SolutionConfigurationPlatforms) = preSolution
		Debug|x64 = Debug|x64
		Debug|x86 = Debug|x86
		Release|x64 = Release|x64
		Release|x86 = Release|x86
	EndGlobalSection
	GlobalSection(ProjectConfigurationPlatforms) = postSolution
		{0ECB293A-1728-4B69-9953-128BE62B7F67}.Debug|x64.ActiveCfg = Debug|x64
		{0ECB293A-1728-4B69-9953-128BE62B7F67}.Debug|x64.Build.0 = Debug|x64
		{0ECB293A-1728-4B69-9953-128BE62B7F67}.Debug|x86.ActiveCfg = Debug|Win32
		{0ECB293A-1728-4B69-9953-128BE62B7F67}.Debug|x86.Build.0 = Debug|Win32
		{0ECB293A-1728-4B69-9953-128BE62B7F67}.Release|x64.ActiveCfg = Release|x64
		{0ECB293A-1728-4B69-9953-128BE62B7F67}.Release|x64.Build.0 = Release|x64
		{0ECB293A-1728-4B69-9953-128BE62B7F67}.Release|x86.ActiveCfg = Release|Win32
		{0ECB293A-1728-4B69-9953-128BE62B7F67}.Release|x86.Build.0 = Release|Win32
	EndGlobalSection
	GlobalSection(SolutionProperties) = preSolution
		HideSolutionNode = FALSE
	EndGlobalSection
	GlobalSection(ExtensibilityGlobals) = postSolution
		SolutionGuid = {21B917FA-4452-4496-A097-8068DE32FF24}
	EndGlobalSection
EndGlobal
